
Microsoft Visual Studio Solution File, Format Version 12.00
# Visual Studio Version 17
VisualStudioVersion = 17.7.34009.444
MinimumVisualStudioVersion = 10.0.40219.1
Project("{FAE04EC0-301F-11D3-BF4B-00C04F79EFBC}") = "Parasite Invoke", "Parasite Invoke\Parasite Invoke.csproj", "{7CEC7793-3E22-455B-9E88-94B8D1A8F78D}"
EndProject
Global
	GlobalSection(SolutionConfigurationPlatforms) = preSolution
		Debug|Any CPU = Debug|Any CPU
		Release|Any CPU = Release|Any CPU
	EndGlobalSection
	GlobalSection(ProjectConfigurationPlatforms) = postSolution
		{7CEC7793-3E22-455B-9E88-94B8D1A8F78D}.Debug|Any CPU.ActiveCfg = Debug|Any CPU
		{7CEC7793-3E22-455B-9E88-94B8D1A8F78D}.Debug|Any CPU.Build.0 = Debug|Any CPU
		{7CEC7793-3E22-455B-9E88-94B8D1A8F78D}.Release|Any CPU.ActiveCfg = Release|Any CPU
		{7CEC7793-3E22-455B-9E88-94B8D1A8F78D}.Release|Any CPU.Build.0 = Release|Any CPU
	EndGlobalSection
	GlobalSection(SolutionProperties) = preSolution
		HideSolutionNode = FALSE
	EndGlobalSection
	GlobalSection(ExtensibilityGlobals) = postSolution
		SolutionGuid = {5C21A83C-5754-4D80-ADE8-199B0FB8B9A4}
	EndGlobalSection
EndGlobal
